
Microsoft Visual Studio Solution File, Format Version 12.00
# Visual Studio 14
VisualStudioVersion = 14.0.25420.1
MinimumVisualStudioVersion = 10.0.40219.1
Project("{FAE04EC0-301F-11D3-BF4B-00C04F79EFBC}") = "CommonLibrary.ConsoleApplication1", "CommonLibrary.ConsoleApplication1\CommonLibrary.ConsoleApplication1.csproj", "{C6FDF02E-302F-45C9-8BAD-D7DC4B439C4F}"
EndProject
Project("{FAE04EC0-301F-11D3-BF4B-00C04F79EFBC}") = "CommonLibrary.Library", "CommonLibrary.Library\CommonLibrary.Library.csproj", "{29F9167C-3118-4E4A-B9C0-31003CE7945C}"
EndProject
Project("{FAE04EC0-301F-11D3-BF4B-00C04F79EFBC}") = "CommonLibrary.Contracts", "CommonLibrary.Contracts\CommonLibrary.Contracts.csproj", "{6518709E-6D8E-4CD6-81DE-F6B07A02FD95}"
EndProject
Project("{FAE04EC0-301F-11D3-BF4B-00C04F79EFBC}") = "CommonLibrary.Tests", "CommonLibrary.Tests\CommonLibrary.Tests.csproj", "{582D86B0-1006-4EFC-AB48-263E0270D5F4}"
EndProject
Global
	GlobalSection(SolutionConfigurationPlatforms) = preSolution
		Debug|Any CPU = Debug|Any CPU
		Release|Any CPU = Release|Any CPU
	EndGlobalSection
	GlobalSection(ProjectConfigurationPlatforms) = postSolution
		{C6FDF02E-302F-45C9-8BAD-D7DC4B439C4F}.Debug|Any CPU.ActiveCfg = Debug|Any CPU
		{C6FDF02E-302F-45C9-8BAD-D7DC4B439C4F}.Debug|Any CPU.Build.0 = Debug|Any CPU
		{C6FDF02E-302F-45C9-8BAD-D7DC4B439C4F}.Release|Any CPU.ActiveCfg = Release|Any CPU
		{C6FDF02E-302F-45C9-8BAD-D7DC4B439C4F}.Release|Any CPU.Build.0 = Release|Any CPU
		{29F9167C-3118-4E4A-B9C0-31003CE7945C}.Debug|Any CPU.ActiveCfg = Debug|Any CPU
		{29F9167C-3118-4E4A-B9C0-31003CE7945C}.Debug|Any CPU.Build.0 = Debug|Any CPU
		{29F9167C-3118-4E4A-B9C0-31003CE7945C}.Release|Any CPU.ActiveCfg = Release|Any CPU
		{29F9167C-3118-4E4A-B9C0-31003CE7945C}.Release|Any CPU.Build.0 = Release|Any CPU
		{6518709E-6D8E-4CD6-81DE-F6B07A02FD95}.Debug|Any CPU.ActiveCfg = Debug|Any CPU
		{6518709E-6D8E-4CD6-81DE-F6B07A02FD95}.Debug|Any CPU.Build.0 = Debug|Any CPU
		{6518709E-6D8E-4CD6-81DE-F6B07A02FD95}.Release|Any CPU.ActiveCfg = Release|Any CPU
		{6518709E-6D8E-4CD6-81DE-F6B07A02FD95}.Release|Any CPU.Build.0 = Release|Any CPU
		{582D86B0-1006-4EFC-AB48-263E0270D5F4}.Debug|Any CPU.ActiveCfg = Debug|Any CPU
		{582D86B0-1006-4EFC-AB48-263E0270D5F4}.Debug|Any CPU.Build.0 = Debug|Any CPU
		{582D86B0-1006-4EFC-AB48-263E0270D5F4}.Release|Any CPU.ActiveCfg = Release|Any CPU
		{582D86B0-1006-4EFC-AB48-263E0270D5F4}.Release|Any CPU.Build.0 = Release|Any CPU
	EndGlobalSection
	GlobalSection(SolutionProperties) = preSolution
		HideSolutionNode = FALSE
	EndGlobalSection
EndGlobal
